
Microsoft Visual Studio Solution File, Format Version 12.00
# Visual Studio Version 16
VisualStudioVersion = 16.0.34031.81
MinimumVisualStudioVersion = 10.0.40219.1
Project("{FAE04EC0-301F-11D3-BF4B-00C04F79EFBC}") = "MvcSpoon", "MvcSpoon.csproj", "{1BBCDE00-579B-4C53-BDCE-6C80885A1F99}"
EndProject
Global
	GlobalSection(SolutionConfigurationPlatforms) = preSolution
		Debug|Any CPU = Debug|Any CPU
		Release|Any CPU = Release|Any CPU
	EndGlobalSection
	GlobalSection(ProjectConfigurationPlatforms) = postSolution
		{1BBCDE00-579B-4C53-BDCE-6C80885A1F99}.Debug|Any CPU.ActiveCfg = Debug|Any CPU
		{1BBCDE00-579B-4C53-BDCE-6C80885A1F99}.Debug|Any CPU.Build.0 = Debug|Any CPU
		{1BBCDE00-579B-4C53-BDCE-6C80885A1F99}.Release|Any CPU.ActiveCfg = Release|Any CPU
		{1BBCDE00-579B-4C53-BDCE-6C80885A1F99}.Release|Any CPU.Build.0 = Release|Any CPU
	EndGlobalSection
	GlobalSection(SolutionProperties) = preSolution
		HideSolutionNode = FALSE
	EndGlobalSection
	GlobalSection(ExtensibilityGlobals) = postSolution
		SolutionGuid = {6888F189-4456-4B41-A789-F868ECD8B1E0}
	EndGlobalSection
EndGlobal
